
Microsoft Visual Studio Solution File, Format Version 12.00
# Visual Studio Version 17
VisualStudioVersion = 17.11.35303.130
MinimumVisualStudioVersion = 10.0.40219.1
Project("{FAE04EC0-301F-11D3-BF4B-00C04F79EFBC}") = "Condicional02", "Condicional02\Condicional02.csproj", "{9621EC16-E126-4E81-8335-526CC49FFCA5}"
EndProject
Global
	GlobalSection(SolutionConfigurationPlatforms) = preSolution
		Debug|Any CPU = Debug|Any CPU
		Release|Any CPU = Release|Any CPU
	EndGlobalSection
	GlobalSection(ProjectConfigurationPlatforms) = postSolution
		{9621EC16-E126-4E81-8335-526CC49FFCA5}.Debug|Any CPU.ActiveCfg = Debug|Any CPU
		{9621EC16-E126-4E81-8335-526CC49FFCA5}.Debug|Any CPU.Build.0 = Debug|Any CPU
		{9621EC16-E126-4E81-8335-526CC49FFCA5}.Release|Any CPU.ActiveCfg = Release|Any CPU
		{9621EC16-E126-4E81-8335-526CC49FFCA5}.Release|Any CPU.Build.0 = Release|Any CPU
	EndGlobalSection
	GlobalSection(SolutionProperties) = preSolution
		HideSolutionNode = FALSE
	EndGlobalSection
	GlobalSection(ExtensibilityGlobals) = postSolution
		SolutionGuid = {60A1605F-6F0E-4553-8EB2-2EA338085667}
	EndGlobalSection
EndGlobal
